
Microsoft Visual Studio Solution File, Format Version 12.00
# Visual Studio Version 17
VisualStudioVersion = 17.5.002.0
MinimumVisualStudioVersion = 10.0.40219.1
Project("{2150E333-8FDC-42A3-9474-1A3956D46DE8}") = "csharp-prep", "csharp-prep", "{6348DD4E-80D0-4036-A66C-5A0B5C526745}"
EndProject
Project("{9A19103F-16F7-4668-BE54-9A1E7A4F7556}") = "Prep1", "csharp-prep\Prep1\Prep1.csproj", "{6E8A6DFE-A419-4ACC-90DB-9252ADB5C724}"
EndProject
Project("{9A19103F-16F7-4668-BE54-9A1E7A4F7556}") = "Prep2", "csharp-prep\Prep2\Prep2.csproj", "{89DBC4B2-0028-44C9-8415-84F722944304}"
EndProject
Project("{9A19103F-16F7-4668-BE54-9A1E7A4F7556}") = "Prep3", "csharp-prep\Prep3\Prep3.csproj", "{4E16DD60-569E-42DF-B7D9-DAB517033B41}"
EndProject
Project("{9A19103F-16F7-4668-BE54-9A1E7A4F7556}") = "Prep4", "csharp-prep\Prep4\Prep4.csproj", "{D9324F5E-9029-411B-AA62-7030FCDD770E}"
EndProject
Project("{9A19103F-16F7-4668-BE54-9A1E7A4F7556}") = "Prep5", "csharp-prep\Prep5\Prep5.csproj", "{0560D014-5204-4A57-A5EE-D9802E516DCC}"
EndProject
Project("{2150E333-8FDC-42A3-9474-1A3956D46DE8}") = "final", "final", "{52802876-0DC2-4C44-861B-0E3864218D4C}"
EndProject
Project("{9A19103F-16F7-4668-BE54-9A1E7A4F7556}") = "FinalProject", "final\FinalProject\FinalProject.csproj", "{3D507345-06FD-4E4C-834C-F35D04B982BA}"
EndProject
Project("{9A19103F-16F7-4668-BE54-9A1E7A4F7556}") = "Foundation1", "final\Foundation1\Foundation1.csproj", "{258B8492-7962-4960-88B3-633A114D7B4A}"
EndProject
Project("{9A19103F-16F7-4668-BE54-9A1E7A4F7556}") = "Foundation2", "final\Foundation2\Foundation2.csproj", "{CE2121A8-64D9-43F9-ACCC-446FD0829B89}"
EndProject
Project("{9A19103F-16F7-4668-BE54-9A1E7A4F7556}") = "Foundation3", "final\Foundation3\Foundation3.csproj", "{3C18AD5D-C298-4A00-BB09-0A8EA7DE92BB}"
EndProject
Project("{9A19103F-16F7-4668-BE54-9A1E7A4F7556}") = "Foundation4", "final\Foundation4\Foundation4.csproj", "{71413366-8205-4183-B797-A7626F6603D7}"
EndProject
Project("{2150E333-8FDC-42A3-9474-1A3956D46DE8}") = "prepare", "prepare", "{DE3798E7-3A16-42ED-89BA-557A79AD540A}"
EndProject
Project("{9A19103F-16F7-4668-BE54-9A1E7A4F7556}") = "Learning02", "prepare\Learning02\Learning02.csproj", "{42D9578F-6476-4A6D-9F36-A6E126FA0663}"
EndProject
Project("{9A19103F-16F7-4668-BE54-9A1E7A4F7556}") = "Learning03", "prepare\Learning03\Learning03.csproj", "{ED323FDA-DD08-40DD-8858-946EF2C06845}"
EndProject
Project("{9A19103F-16F7-4668-BE54-9A1E7A4F7556}") = "Learning04", "prepare\Learning04\Learning04.csproj", "{EE2E6B65-1637-4061-8015-4D5430167E8A}"
EndProject
Project("{9A19103F-16F7-4668-BE54-9A1E7A4F7556}") = "Learning05", "prepare\Learning05\Learning05.csproj", "{5BAC248E-C0B1-49A2-BF7C-D28FA2068947}"
EndProject
Project("{2150E333-8FDC-42A3-9474-1A3956D46DE8}") = "prove", "prove", "{D2D3331B-8ED0-465E-8E60-0EA2023CCE8B}"
EndProject
Project("{9A19103F-16F7-4668-BE54-9A1E7A4F7556}") = "Develop02", "prove\Develop02\Develop02.csproj", "{FCE7CB8C-ACB8-4052-A958-482C9237EBEE}"
EndProject
Project("{9A19103F-16F7-4668-BE54-9A1E7A4F7556}") = "Develop03", "prove\Develop03\Develop03.csproj", "{3D4F9549-02AA-4760-BF23-179B980E0E19}"
EndProject
Project("{9A19103F-16F7-4668-BE54-9A1E7A4F7556}") = "Develop04", "prove\Develop04\Develop04.csproj", "{CBC55815-3A62-44DB-BC6F-D6A3E5E9B2AF}"
EndProject
Project("{9A19103F-16F7-4668-BE54-9A1E7A4F7556}") = "Develop05", "prove\Develop05\Develop05.csproj", "{987F0F33-4466-411D-8DA0-AB0CBECDE8A5}"
EndProject
Project("{2150E333-8FDC-42A3-9474-1A3956D46DE8}") = "sandbox", "sandbox", "{0B3EC101-008C-4815-BF8F-632BB161BD99}"
EndProject
Project("{9A19103F-16F7-4668-BE54-9A1E7A4F7556}") = "Sandbox", "sandbox\Sandbox\Sandbox.csproj", "{8D0A1897-C680-44BB-9228-6219B2DE37E0}"
EndProject
Global
	GlobalSection(SolutionConfigurationPlatforms) = preSolution
		Debug|Any CPU = Debug|Any CPU
		Release|Any CPU = Release|Any CPU
	EndGlobalSection
	GlobalSection(ProjectConfigurationPlatforms) = postSolution
		{6E8A6DFE-A419-4ACC-90DB-9252ADB5C724}.Debug|Any CPU.ActiveCfg = Debug|Any CPU
		{6E8A6DFE-A419-4ACC-90DB-9252ADB5C724}.Debug|Any CPU.Build.0 = Debug|Any CPU
		{6E8A6DFE-A419-4ACC-90DB-9252ADB5C724}.Release|Any CPU.ActiveCfg = Release|Any CPU
		{6E8A6DFE-A419-4ACC-90DB-9252ADB5C724}.Release|Any CPU.Build.0 = Release|Any CPU
		{89DBC4B2-0028-44C9-8415-84F722944304}.Debug|Any CPU.ActiveCfg = Debug|Any CPU
		{89DBC4B2-0028-44C9-8415-84F722944304}.Debug|Any CPU.Build.0 = Debug|Any CPU
		{89DBC4B2-0028-44C9-8415-84F722944304}.Release|Any CPU.ActiveCfg = Release|Any CPU
		{89DBC4B2-0028-44C9-8415-84F722944304}.Release|Any CPU.Build.0 = Release|Any CPU
		{4E16DD60-569E-42DF-B7D9-DAB517033B41}.Debug|Any CPU.ActiveCfg = Debug|Any CPU
		{4E16DD60-569E-42DF-B7D9-DAB517033B41}.Debug|Any CPU.Build.0 = Debug|Any CPU
		{4E16DD60-569E-42DF-B7D9-DAB517033B41}.Release|Any CPU.ActiveCfg = Release|Any CPU
		{4E16DD60-569E-42DF-B7D9-DAB517033B41}.Release|Any CPU.Build.0 = Release|Any CPU
		{D9324F5E-9029-411B-AA62-7030FCDD770E}.Debug|Any CPU.ActiveCfg = Debug|Any CPU
		{D9324F5E-9029-411B-AA62-7030FCDD770E}.Debug|Any CPU.Build.0 = Debug|Any CPU
		{D9324F5E-9029-411B-AA62-7030FCDD770E}.Release|Any CPU.ActiveCfg = Release|Any CPU
		{D9324F5E-9029-411B-AA62-7030FCDD770E}.Release|Any CPU.Build.0 = Release|Any CPU
		{0560D014-5204-4A57-A5EE-D9802E516DCC}.Debug|Any CPU.ActiveCfg = Debug|Any CPU
		{0560D014-5204-4A57-A5EE-D9802E516DCC}.Debug|Any CPU.Build.0 = Debug|Any CPU
		{0560D014-5204-4A57-A5EE-D9802E516DCC}.Release|Any CPU.ActiveCfg = Release|Any CPU
		{0560D014-5204-4A57-A5EE-D9802E516DCC}.Release|Any CPU.Build.0 = Release|Any CPU
		{3D507345-06FD-4E4C-834C-F35D04B982BA}.Debug|Any CPU.ActiveCfg = Debug|Any CPU
		{3D507345-06FD-4E4C-834C-F35D04B982BA}.Debug|Any CPU.Build.0 = Debug|Any CPU
		{3D507345-06FD-4E4C-834C-F35D04B982BA}.Release|Any CPU.ActiveCfg = Release|Any CPU
		{3D507345-06FD-4E4C-834C-F35D04B982BA}.Release|Any CPU.Build.0 = Release|Any CPU
		{258B8492-7962-4960-88B3-633A114D7B4A}.Debug|Any CPU.ActiveCfg = Debug|Any CPU
		{258B8492-7962-4960-88B3-633A114D7B4A}.Debug|Any CPU.Build.0 = Debug|Any CPU
		{258B8492-7962-4960-88B3-633A114D7B4A}.Release|Any CPU.ActiveCfg = Release|Any CPU
		{258B8492-7962-4960-88B3-633A114D7B4A}.Release|Any CPU.Build.0 = Release|Any CPU
		{CE2121A8-64D9-43F9-ACCC-446FD0829B89}.Debug|Any CPU.ActiveCfg = Debug|Any CPU
		{CE2121A8-64D9-43F9-ACCC-446FD0829B89}.Debug|Any CPU.Build.0 = Debug|Any CPU
		{CE2121A8-64D9-43F9-ACCC-446FD0829B89}.Release|Any CPU.ActiveCfg = Release|Any CPU
		{CE2121A8-64D9-43F9-ACCC-446FD0829B89}.Release|Any CPU.Build.0 = Release|Any CPU
		{3C18AD5D-C298-4A00-BB09-0A8EA7DE92BB}.Debug|Any CPU.ActiveCfg = Debug|Any CPU
		{3C18AD5D-C298-4A00-BB09-0A8EA7DE92BB}.Debug|Any CPU.Build.0 = Debug|Any CPU
		{3C18AD5D-C298-4A00-BB09-0A8EA7DE92BB}.Release|Any CPU.ActiveCfg = Release|Any CPU
		{3C18AD5D-C298-4A00-BB09-0A8EA7DE92BB}.Release|Any CPU.Build.0 = Release|Any CPU
		{71413366-8205-4183-B797-A7626F6603D7}.Debug|Any CPU.ActiveCfg = Debug|Any CPU
		{71413366-8205-4183-B797-A7626F6603D7}.Debug|Any CPU.Build.0 = Debug|Any CPU
		{71413366-8205-4183-B797-A7626F6603D7}.Release|Any CPU.ActiveCfg = Release|Any CPU
		{71413366-8205-4183-B797-A7626F6603D7}.Release|Any CPU.Build.0 = Release|Any CPU
		{42D9578F-6476-4A6D-9F36-A6E126FA0663}.Debug|Any CPU.ActiveCfg = Debug|Any CPU
		{42D9578F-6476-4A6D-9F36-A6E126FA0663}.Debug|Any CPU.Build.0 = Debug|Any CPU
		{42D9578F-6476-4A6D-9F36-A6E126FA0663}.Release|Any CPU.ActiveCfg = Release|Any CPU
		{42D9578F-6476-4A6D-9F36-A6E126FA0663}.Release|Any CPU.Build.0 = Release|Any CPU
		{ED323FDA-DD08-40DD-8858-946EF2C06845}.Debug|Any CPU.ActiveCfg = Debug|Any CPU
		{ED323FDA-DD08-40DD-8858-946EF2C06845}.Debug|Any CPU.Build.0 = Debug|Any CPU
		{ED323FDA-DD08-40DD-8858-946EF2C06845}.Release|Any CPU.ActiveCfg = Release|Any CPU
		{ED323FDA-DD08-40DD-8858-946EF2C06845}.Release|Any CPU.Build.0 = Release|Any CPU
		{EE2E6B65-1637-4061-8015-4D5430167E8A}.Debug|Any CPU.ActiveCfg = Debug|Any CPU
		{EE2E6B65-1637-4061-8015-4D5430167E8A}.Debug|Any CPU.Build.0 = Debug|Any CPU
		{EE2E6B65-1637-4061-8015-4D5430167E8A}.Release|Any CPU.ActiveCfg = Release|Any CPU
		{EE2E6B65-1637-4061-8015-4D5430167E8A}.Release|Any CPU.Build.0 = Release|Any CPU
		{5BAC248E-C0B1-49A2-BF7C-D28FA2068947}.Debug|Any CPU.ActiveCfg = Debug|Any CPU
		{5BAC248E-C0B1-49A2-BF7C-D28FA2068947}.Debug|Any CPU.Build.0 = Debug|Any CPU
		{5BAC248E-C0B1-49A2-BF7C-D28FA2068947}.Release|Any CPU.ActiveCfg = Release|Any CPU
		{5BAC248E-C0B1-49A2-BF7C-D28FA2068947}.Release|Any CPU.Build.0 = Release|Any CPU
		{FCE7CB8C-ACB8-4052-A958-482C9237EBEE}.Debug|Any CPU.ActiveCfg = Debug|Any CPU
		{FCE7CB8C-ACB8-4052-A958-482C9237EBEE}.Debug|Any CPU.Build.0 = Debug|Any CPU
		{FCE7CB8C-ACB8-4052-A958-482C9237EBEE}.Release|Any CPU.ActiveCfg = Release|Any CPU
		{FCE7CB8C-ACB8-4052-A958-482C9237EBEE}.Release|Any CPU.Build.0 = Release|Any CPU
		{3D4F9549-02AA-4760-BF23-179B980E0E19}.Debug|Any CPU.ActiveCfg = Debug|Any CPU
		{3D4F9549-02AA-4760-BF23-179B980E0E19}.Debug|Any CPU.Build.0 = Debug|Any CPU
		{3D4F9549-02AA-4760-BF23-179B980E0E19}.Release|Any CPU.ActiveCfg = Release|Any CPU
		{3D4F9549-02AA-4760-BF23-179B980E0E19}.Release|Any CPU.Build.0 = Release|Any CPU
		{CBC55815-3A62-44DB-BC6F-D6A3E5E9B2AF}.Debug|Any CPU.ActiveCfg = Debug|Any CPU
		{CBC55815-3A62-44DB-BC6F-D6A3E5E9B2AF}.Debug|Any CPU.Build.0 = Debug|Any CPU
		{CBC55815-3A62-44DB-BC6F-D6A3E5E9B2AF}.Release|Any CPU.ActiveCfg = Release|Any CPU
		{CBC55815-3A62-44DB-BC6F-D6A3E5E9B2AF}.Release|Any CPU.Build.0 = Release|Any CPU
		{987F0F33-4466-411D-8DA0-AB0CBECDE8A5}.Debug|Any CPU.ActiveCfg = Debug|Any CPU
		{987F0F33-4466-411D-8DA0-AB0CBECDE8A5}.Debug|Any CPU.Build.0 = Debug|Any CPU
		{987F0F33-4466-411D-8DA0-AB0CBECDE8A5}.Release|Any CPU.ActiveCfg = Release|Any CPU
		{987F0F33-4466-411D-8DA0-AB0CBECDE8A5}.Release|Any CPU.Build.0 = Release|Any CPU
		{8D0A1897-C680-44BB-9228-6219B2DE37E0}.Debug|Any CPU.ActiveCfg = Debug|Any CPU
		{8D0A1897-C680-44BB-9228-6219B2DE37E0}.Debug|Any CPU.Build.0 = Debug|Any CPU
		{8D0A1897-C680-44BB-9228-6219B2DE37E0}.Release|Any CPU.ActiveCfg = Release|Any CPU
		{8D0A1897-C680-44BB-9228-6219B2DE37E0}.Release|Any CPU.Build.0 = Release|Any CPU
	EndGlobalSection
	GlobalSection(SolutionProperties) = preSolution
		HideSolutionNode = FALSE
	EndGlobalSection
	GlobalSection(NestedProjects) = preSolution
		{6E8A6DFE-A419-4ACC-90DB-9252ADB5C724} = {6348DD4E-80D0-4036-A66C-5A0B5C526745}
		{89DBC4B2-0028-44C9-8415-84F722944304} = {6348DD4E-80D0-4036-A66C-5A0B5C526745}
		{4E16DD60-569E-42DF-B7D9-DAB517033B41} = {6348DD4E-80D0-4036-A66C-5A0B5C526745}
		{D9324F5E-9029-411B-AA62-7030FCDD770E} = {6348DD4E-80D0-4036-A66C-5A0B5C526745}
		{0560D014-5204-4A57-A5EE-D9802E516DCC} = {6348DD4E-80D0-4036-A66C-5A0B5C526745}
		{3D507345-06FD-4E4C-834C-F35D04B982BA} = {52802876-0DC2-4C44-861B-0E3864218D4C}
		{258B8492-7962-4960-88B3-633A114D7B4A} = {52802876-0DC2-4C44-861B-0E3864218D4C}
		{CE2121A8-64D9-43F9-ACCC-446FD0829B89} = {52802876-0DC2-4C44-861B-0E3864218D4C}
		{3C18AD5D-C298-4A00-BB09-0A8EA7DE92BB} = {52802876-0DC2-4C44-861B-0E3864218D4C}
		{71413366-8205-4183-B797-A7626F6603D7} = {52802876-0DC2-4C44-861B-0E3864218D4C}
		{42D9578F-6476-4A6D-9F36-A6E126FA0663} = {DE3798E7-3A16-42ED-89BA-557A79AD540A}
		{ED323FDA-DD08-40DD-8858-946EF2C06845} = {DE3798E7-3A16-42ED-89BA-557A79AD540A}
		{EE2E6B65-1637-4061-8015-4D5430167E8A} = {DE3798E7-3A16-42ED-89BA-557A79AD540A}
		{5BAC248E-C0B1-49A2-BF7C-D28FA2068947} = {DE3798E7-3A16-42ED-89BA-557A79AD540A}
		{FCE7CB8C-ACB8-4052-A958-482C9237EBEE} = {D2D3331B-8ED0-465E-8E60-0EA2023CCE8B}
		{3D4F9549-02AA-4760-BF23-179B980E0E19} = {D2D3331B-8ED0-465E-8E60-0EA2023CCE8B}
		{CBC55815-3A62-44DB-BC6F-D6A3E5E9B2AF} = {D2D3331B-8ED0-465E-8E60-0EA2023CCE8B}
		{987F0F33-4466-411D-8DA0-AB0CBECDE8A5} = {D2D3331B-8ED0-465E-8E60-0EA2023CCE8B}
		{8D0A1897-C680-44BB-9228-6219B2DE37E0} = {0B3EC101-008C-4815-BF8F-632BB161BD99}
	EndGlobalSection
	GlobalSection(ExtensibilityGlobals) = postSolution
		SolutionGuid = {744C4B7D-FFA3-4BA5-A604-0C9B11330048}
	EndGlobalSection
EndGlobal
