
Microsoft Visual Studio Solution File, Format Version 12.00
# Visual Studio Version 17
VisualStudioVersion = 17.5.002.0
MinimumVisualStudioVersion = 10.0.40219.1
Project("{2150E333-8FDC-42A3-9474-1A3956D46DE8}") = "csharp-prep", "csharp-prep", "{5BD137F4-0A8F-493E-B7E3-133DAE9149CA}"
EndProject
Project("{9A19103F-16F7-4668-BE54-9A1E7A4F7556}") = "Prep1", "csharp-prep\Prep1\Prep1.csproj", "{ED69FE65-28C4-45CE-B597-A990894B08F3}"
EndProject
Project("{9A19103F-16F7-4668-BE54-9A1E7A4F7556}") = "Prep2", "csharp-prep\Prep2\Prep2.csproj", "{37137B11-9586-4E2A-8D7E-62BB2B16C9B2}"
EndProject
Project("{9A19103F-16F7-4668-BE54-9A1E7A4F7556}") = "Prep3", "csharp-prep\Prep3\Prep3.csproj", "{35E31BBC-AC40-473B-AD7B-46477206E1CD}"
EndProject
Project("{9A19103F-16F7-4668-BE54-9A1E7A4F7556}") = "Prep4", "csharp-prep\Prep4\Prep4.csproj", "{21F7F4F5-6AD9-411E-AD12-2311CBD9E820}"
EndProject
Project("{9A19103F-16F7-4668-BE54-9A1E7A4F7556}") = "Prep5", "csharp-prep\Prep5\Prep5.csproj", "{E83FD7BA-3B6D-4414-9245-4CA6DDC02610}"
EndProject
Project("{2150E333-8FDC-42A3-9474-1A3956D46DE8}") = "final", "final", "{13884DBB-2E6D-4D44-BD85-0F6A6FBAC79E}"
EndProject
Project("{9A19103F-16F7-4668-BE54-9A1E7A4F7556}") = "FinalProject", "final\FinalProject\FinalProject.csproj", "{01C9F1A5-3FC6-4D1F-BD70-A9357D9DE885}"
EndProject
Project("{9A19103F-16F7-4668-BE54-9A1E7A4F7556}") = "Foundation1", "final\Foundation1\Foundation1.csproj", "{1F6476E5-B581-4602-9ABB-EEF4E0FEA6F1}"
EndProject
Project("{9A19103F-16F7-4668-BE54-9A1E7A4F7556}") = "Foundation2", "final\Foundation2\Foundation2.csproj", "{F6E27B2A-3C12-47D8-966C-0D091FB78A45}"
EndProject
Project("{9A19103F-16F7-4668-BE54-9A1E7A4F7556}") = "Foundation3", "final\Foundation3\Foundation3.csproj", "{55BD0D95-BDB2-495A-82FC-FE3DE18D48EA}"
EndProject
Project("{9A19103F-16F7-4668-BE54-9A1E7A4F7556}") = "Foundation4", "final\Foundation4\Foundation4.csproj", "{3239476D-9210-4479-8AC4-95157E44B6D9}"
EndProject
Project("{2150E333-8FDC-42A3-9474-1A3956D46DE8}") = "prepare", "prepare", "{4835FA4A-5F84-44A4-9243-7AA957608847}"
EndProject
Project("{9A19103F-16F7-4668-BE54-9A1E7A4F7556}") = "Learning02", "prepare\Learning02\Learning02.csproj", "{DC4E04DB-4E98-41D6-9C37-BC710B290405}"
EndProject
Project("{9A19103F-16F7-4668-BE54-9A1E7A4F7556}") = "Learning03", "prepare\Learning03\Learning03.csproj", "{1466C34C-9D2D-4656-BE6C-8808C0D4E0C2}"
EndProject
Project("{9A19103F-16F7-4668-BE54-9A1E7A4F7556}") = "Learning04", "prepare\Learning04\Learning04.csproj", "{82E450BE-B33D-4E21-8943-8C2E2F22DB19}"
EndProject
Project("{9A19103F-16F7-4668-BE54-9A1E7A4F7556}") = "Learning05", "prepare\Learning05\Learning05.csproj", "{440C881C-3307-4839-9F67-E780CF559C39}"
EndProject
Project("{2150E333-8FDC-42A3-9474-1A3956D46DE8}") = "prove", "prove", "{16899252-9B3D-4216-9496-EA9CCBD01560}"
EndProject
Project("{9A19103F-16F7-4668-BE54-9A1E7A4F7556}") = "Develop02", "prove\Develop02\Develop02.csproj", "{0BFF463E-D9D1-4718-807A-4571B7915E86}"
EndProject
Project("{9A19103F-16F7-4668-BE54-9A1E7A4F7556}") = "Develop03", "prove\Develop03\Develop03.csproj", "{21E5E946-226D-4273-BFE1-196FC582DA70}"
EndProject
Project("{9A19103F-16F7-4668-BE54-9A1E7A4F7556}") = "Develop04", "prove\Develop04\Develop04.csproj", "{B54D910F-64A3-41FF-AECA-8F0AC3BC71F5}"
EndProject
Project("{9A19103F-16F7-4668-BE54-9A1E7A4F7556}") = "Develop05", "prove\Develop05\Develop05.csproj", "{F501FDDF-DE15-4016-A692-2FE3CE248B6B}"
EndProject
Project("{2150E333-8FDC-42A3-9474-1A3956D46DE8}") = "sandbox", "sandbox", "{18B168F8-AAB0-4D29-A746-235E6B16F218}"
EndProject
Project("{9A19103F-16F7-4668-BE54-9A1E7A4F7556}") = "Sandbox", "sandbox\Sandbox\Sandbox.csproj", "{710D19BC-F1B5-4FF0-83EC-0EB8DF09E92B}"
EndProject
Global
	GlobalSection(SolutionConfigurationPlatforms) = preSolution
		Debug|Any CPU = Debug|Any CPU
		Release|Any CPU = Release|Any CPU
	EndGlobalSection
	GlobalSection(ProjectConfigurationPlatforms) = postSolution
		{ED69FE65-28C4-45CE-B597-A990894B08F3}.Debug|Any CPU.ActiveCfg = Debug|Any CPU
		{ED69FE65-28C4-45CE-B597-A990894B08F3}.Debug|Any CPU.Build.0 = Debug|Any CPU
		{ED69FE65-28C4-45CE-B597-A990894B08F3}.Release|Any CPU.ActiveCfg = Release|Any CPU
		{ED69FE65-28C4-45CE-B597-A990894B08F3}.Release|Any CPU.Build.0 = Release|Any CPU
		{37137B11-9586-4E2A-8D7E-62BB2B16C9B2}.Debug|Any CPU.ActiveCfg = Debug|Any CPU
		{37137B11-9586-4E2A-8D7E-62BB2B16C9B2}.Debug|Any CPU.Build.0 = Debug|Any CPU
		{37137B11-9586-4E2A-8D7E-62BB2B16C9B2}.Release|Any CPU.ActiveCfg = Release|Any CPU
		{37137B11-9586-4E2A-8D7E-62BB2B16C9B2}.Release|Any CPU.Build.0 = Release|Any CPU
		{35E31BBC-AC40-473B-AD7B-46477206E1CD}.Debug|Any CPU.ActiveCfg = Debug|Any CPU
		{35E31BBC-AC40-473B-AD7B-46477206E1CD}.Debug|Any CPU.Build.0 = Debug|Any CPU
		{35E31BBC-AC40-473B-AD7B-46477206E1CD}.Release|Any CPU.ActiveCfg = Release|Any CPU
		{35E31BBC-AC40-473B-AD7B-46477206E1CD}.Release|Any CPU.Build.0 = Release|Any CPU
		{21F7F4F5-6AD9-411E-AD12-2311CBD9E820}.Debug|Any CPU.ActiveCfg = Debug|Any CPU
		{21F7F4F5-6AD9-411E-AD12-2311CBD9E820}.Debug|Any CPU.Build.0 = Debug|Any CPU
		{21F7F4F5-6AD9-411E-AD12-2311CBD9E820}.Release|Any CPU.ActiveCfg = Release|Any CPU
		{21F7F4F5-6AD9-411E-AD12-2311CBD9E820}.Release|Any CPU.Build.0 = Release|Any CPU
		{E83FD7BA-3B6D-4414-9245-4CA6DDC02610}.Debug|Any CPU.ActiveCfg = Debug|Any CPU
		{E83FD7BA-3B6D-4414-9245-4CA6DDC02610}.Debug|Any CPU.Build.0 = Debug|Any CPU
		{E83FD7BA-3B6D-4414-9245-4CA6DDC02610}.Release|Any CPU.ActiveCfg = Release|Any CPU
		{E83FD7BA-3B6D-4414-9245-4CA6DDC02610}.Release|Any CPU.Build.0 = Release|Any CPU
		{01C9F1A5-3FC6-4D1F-BD70-A9357D9DE885}.Debug|Any CPU.ActiveCfg = Debug|Any CPU
		{01C9F1A5-3FC6-4D1F-BD70-A9357D9DE885}.Debug|Any CPU.Build.0 = Debug|Any CPU
		{01C9F1A5-3FC6-4D1F-BD70-A9357D9DE885}.Release|Any CPU.ActiveCfg = Release|Any CPU
		{01C9F1A5-3FC6-4D1F-BD70-A9357D9DE885}.Release|Any CPU.Build.0 = Release|Any CPU
		{1F6476E5-B581-4602-9ABB-EEF4E0FEA6F1}.Debug|Any CPU.ActiveCfg = Debug|Any CPU
		{1F6476E5-B581-4602-9ABB-EEF4E0FEA6F1}.Debug|Any CPU.Build.0 = Debug|Any CPU
		{1F6476E5-B581-4602-9ABB-EEF4E0FEA6F1}.Release|Any CPU.ActiveCfg = Release|Any CPU
		{1F6476E5-B581-4602-9ABB-EEF4E0FEA6F1}.Release|Any CPU.Build.0 = Release|Any CPU
		{F6E27B2A-3C12-47D8-966C-0D091FB78A45}.Debug|Any CPU.ActiveCfg = Debug|Any CPU
		{F6E27B2A-3C12-47D8-966C-0D091FB78A45}.Debug|Any CPU.Build.0 = Debug|Any CPU
		{F6E27B2A-3C12-47D8-966C-0D091FB78A45}.Release|Any CPU.ActiveCfg = Release|Any CPU
		{F6E27B2A-3C12-47D8-966C-0D091FB78A45}.Release|Any CPU.Build.0 = Release|Any CPU
		{55BD0D95-BDB2-495A-82FC-FE3DE18D48EA}.Debug|Any CPU.ActiveCfg = Debug|Any CPU
		{55BD0D95-BDB2-495A-82FC-FE3DE18D48EA}.Debug|Any CPU.Build.0 = Debug|Any CPU
		{55BD0D95-BDB2-495A-82FC-FE3DE18D48EA}.Release|Any CPU.ActiveCfg = Release|Any CPU
		{55BD0D95-BDB2-495A-82FC-FE3DE18D48EA}.Release|Any CPU.Build.0 = Release|Any CPU
		{3239476D-9210-4479-8AC4-95157E44B6D9}.Debug|Any CPU.ActiveCfg = Debug|Any CPU
		{3239476D-9210-4479-8AC4-95157E44B6D9}.Debug|Any CPU.Build.0 = Debug|Any CPU
		{3239476D-9210-4479-8AC4-95157E44B6D9}.Release|Any CPU.ActiveCfg = Release|Any CPU
		{3239476D-9210-4479-8AC4-95157E44B6D9}.Release|Any CPU.Build.0 = Release|Any CPU
		{DC4E04DB-4E98-41D6-9C37-BC710B290405}.Debug|Any CPU.ActiveCfg = Debug|Any CPU
		{DC4E04DB-4E98-41D6-9C37-BC710B290405}.Debug|Any CPU.Build.0 = Debug|Any CPU
		{DC4E04DB-4E98-41D6-9C37-BC710B290405}.Release|Any CPU.ActiveCfg = Release|Any CPU
		{DC4E04DB-4E98-41D6-9C37-BC710B290405}.Release|Any CPU.Build.0 = Release|Any CPU
		{1466C34C-9D2D-4656-BE6C-8808C0D4E0C2}.Debug|Any CPU.ActiveCfg = Debug|Any CPU
		{1466C34C-9D2D-4656-BE6C-8808C0D4E0C2}.Debug|Any CPU.Build.0 = Debug|Any CPU
		{1466C34C-9D2D-4656-BE6C-8808C0D4E0C2}.Release|Any CPU.ActiveCfg = Release|Any CPU
		{1466C34C-9D2D-4656-BE6C-8808C0D4E0C2}.Release|Any CPU.Build.0 = Release|Any CPU
		{82E450BE-B33D-4E21-8943-8C2E2F22DB19}.Debug|Any CPU.ActiveCfg = Debug|Any CPU
		{82E450BE-B33D-4E21-8943-8C2E2F22DB19}.Debug|Any CPU.Build.0 = Debug|Any CPU
		{82E450BE-B33D-4E21-8943-8C2E2F22DB19}.Release|Any CPU.ActiveCfg = Release|Any CPU
		{82E450BE-B33D-4E21-8943-8C2E2F22DB19}.Release|Any CPU.Build.0 = Release|Any CPU
		{440C881C-3307-4839-9F67-E780CF559C39}.Debug|Any CPU.ActiveCfg = Debug|Any CPU
		{440C881C-3307-4839-9F67-E780CF559C39}.Debug|Any CPU.Build.0 = Debug|Any CPU
		{440C881C-3307-4839-9F67-E780CF559C39}.Release|Any CPU.ActiveCfg = Release|Any CPU
		{440C881C-3307-4839-9F67-E780CF559C39}.Release|Any CPU.Build.0 = Release|Any CPU
		{0BFF463E-D9D1-4718-807A-4571B7915E86}.Debug|Any CPU.ActiveCfg = Debug|Any CPU
		{0BFF463E-D9D1-4718-807A-4571B7915E86}.Debug|Any CPU.Build.0 = Debug|Any CPU
		{0BFF463E-D9D1-4718-807A-4571B7915E86}.Release|Any CPU.ActiveCfg = Release|Any CPU
		{0BFF463E-D9D1-4718-807A-4571B7915E86}.Release|Any CPU.Build.0 = Release|Any CPU
		{21E5E946-226D-4273-BFE1-196FC582DA70}.Debug|Any CPU.ActiveCfg = Debug|Any CPU
		{21E5E946-226D-4273-BFE1-196FC582DA70}.Debug|Any CPU.Build.0 = Debug|Any CPU
		{21E5E946-226D-4273-BFE1-196FC582DA70}.Release|Any CPU.ActiveCfg = Release|Any CPU
		{21E5E946-226D-4273-BFE1-196FC582DA70}.Release|Any CPU.Build.0 = Release|Any CPU
		{B54D910F-64A3-41FF-AECA-8F0AC3BC71F5}.Debug|Any CPU.ActiveCfg = Debug|Any CPU
		{B54D910F-64A3-41FF-AECA-8F0AC3BC71F5}.Debug|Any CPU.Build.0 = Debug|Any CPU
		{B54D910F-64A3-41FF-AECA-8F0AC3BC71F5}.Release|Any CPU.ActiveCfg = Release|Any CPU
		{B54D910F-64A3-41FF-AECA-8F0AC3BC71F5}.Release|Any CPU.Build.0 = Release|Any CPU
		{F501FDDF-DE15-4016-A692-2FE3CE248B6B}.Debug|Any CPU.ActiveCfg = Debug|Any CPU
		{F501FDDF-DE15-4016-A692-2FE3CE248B6B}.Debug|Any CPU.Build.0 = Debug|Any CPU
		{F501FDDF-DE15-4016-A692-2FE3CE248B6B}.Release|Any CPU.ActiveCfg = Release|Any CPU
		{F501FDDF-DE15-4016-A692-2FE3CE248B6B}.Release|Any CPU.Build.0 = Release|Any CPU
		{710D19BC-F1B5-4FF0-83EC-0EB8DF09E92B}.Debug|Any CPU.ActiveCfg = Debug|Any CPU
		{710D19BC-F1B5-4FF0-83EC-0EB8DF09E92B}.Debug|Any CPU.Build.0 = Debug|Any CPU
		{710D19BC-F1B5-4FF0-83EC-0EB8DF09E92B}.Release|Any CPU.ActiveCfg = Release|Any CPU
		{710D19BC-F1B5-4FF0-83EC-0EB8DF09E92B}.Release|Any CPU.Build.0 = Release|Any CPU
	EndGlobalSection
	GlobalSection(SolutionProperties) = preSolution
		HideSolutionNode = FALSE
	EndGlobalSection
	GlobalSection(NestedProjects) = preSolution
		{ED69FE65-28C4-45CE-B597-A990894B08F3} = {5BD137F4-0A8F-493E-B7E3-133DAE9149CA}
		{37137B11-9586-4E2A-8D7E-62BB2B16C9B2} = {5BD137F4-0A8F-493E-B7E3-133DAE9149CA}
		{35E31BBC-AC40-473B-AD7B-46477206E1CD} = {5BD137F4-0A8F-493E-B7E3-133DAE9149CA}
		{21F7F4F5-6AD9-411E-AD12-2311CBD9E820} = {5BD137F4-0A8F-493E-B7E3-133DAE9149CA}
		{E83FD7BA-3B6D-4414-9245-4CA6DDC02610} = {5BD137F4-0A8F-493E-B7E3-133DAE9149CA}
		{01C9F1A5-3FC6-4D1F-BD70-A9357D9DE885} = {13884DBB-2E6D-4D44-BD85-0F6A6FBAC79E}
		{1F6476E5-B581-4602-9ABB-EEF4E0FEA6F1} = {13884DBB-2E6D-4D44-BD85-0F6A6FBAC79E}
		{F6E27B2A-3C12-47D8-966C-0D091FB78A45} = {13884DBB-2E6D-4D44-BD85-0F6A6FBAC79E}
		{55BD0D95-BDB2-495A-82FC-FE3DE18D48EA} = {13884DBB-2E6D-4D44-BD85-0F6A6FBAC79E}
		{3239476D-9210-4479-8AC4-95157E44B6D9} = {13884DBB-2E6D-4D44-BD85-0F6A6FBAC79E}
		{DC4E04DB-4E98-41D6-9C37-BC710B290405} = {4835FA4A-5F84-44A4-9243-7AA957608847}
		{1466C34C-9D2D-4656-BE6C-8808C0D4E0C2} = {4835FA4A-5F84-44A4-9243-7AA957608847}
		{82E450BE-B33D-4E21-8943-8C2E2F22DB19} = {4835FA4A-5F84-44A4-9243-7AA957608847}
		{440C881C-3307-4839-9F67-E780CF559C39} = {4835FA4A-5F84-44A4-9243-7AA957608847}
		{0BFF463E-D9D1-4718-807A-4571B7915E86} = {16899252-9B3D-4216-9496-EA9CCBD01560}
		{21E5E946-226D-4273-BFE1-196FC582DA70} = {16899252-9B3D-4216-9496-EA9CCBD01560}
		{B54D910F-64A3-41FF-AECA-8F0AC3BC71F5} = {16899252-9B3D-4216-9496-EA9CCBD01560}
		{F501FDDF-DE15-4016-A692-2FE3CE248B6B} = {16899252-9B3D-4216-9496-EA9CCBD01560}
		{710D19BC-F1B5-4FF0-83EC-0EB8DF09E92B} = {18B168F8-AAB0-4D29-A746-235E6B16F218}
	EndGlobalSection
	GlobalSection(ExtensibilityGlobals) = postSolution
		SolutionGuid = {1CE557D3-C1E9-4C5B-AEF6-D89B9D7339D9}
	EndGlobalSection
EndGlobal
